// !$*UTF8*$!
{
	archiveVersion = 1;
	classes = {
	};
	objectVersion = 50;
	objects = {

/* Begin PBXBuildFile section */
		77833BCFBB41A67479A3C035 /* Pods_DungeonCrawl.framework in Frameworks */ = {isa = PBXBuildFile; fileRef = F2C4C5077A6B6A699FB31008 /* Pods_DungeonCrawl.framework */; };
		89FCB22007F6FB73FA4C7918 /* Pods_DungeonCrawlTests.framework in Frameworks */ = {isa = PBXBuildFile; fileRef = FE11450BFB632D6650A98A9D /* Pods_DungeonCrawlTests.framework */; };
		E216F5CE2466CAFC00844BF8 /* DungeonCamera.swift in Sources */ = {isa = PBXBuildFile; fileRef = E2E4E8322464408000F5EA93 /* DungeonCamera.swift */; };
		E216F5D024670F2E00844BF8 /* CGFloat+Extensions.swift in Sources */ = {isa = PBXBuildFile; fileRef = E216F5CF24670F2E00844BF8 /* CGFloat+Extensions.swift */; };
		E216F5D2246711AD00844BF8 /* CGFloat+ExtensionsTests.swift in Sources */ = {isa = PBXBuildFile; fileRef = E216F5D1246711AD00844BF8 /* CGFloat+ExtensionsTests.swift */; };
		E216F5D424671E5600844BF8 /* Direction+GridPoint.swift in Sources */ = {isa = PBXBuildFile; fileRef = E216F5D324671E5600844BF8 /* Direction+GridPoint.swift */; };
		E216F5D62467214000844BF8 /* DirectionGridPointTests.swift in Sources */ = {isa = PBXBuildFile; fileRef = E216F5D52467214000844BF8 /* DirectionGridPointTests.swift */; };
		E225E7402461862E00F60E45 /* DungeonTileSet.sks in Resources */ = {isa = PBXBuildFile; fileRef = E225E73E2461862E00F60E45 /* DungeonTileSet.sks */; };
		E225E7412461862E00F60E45 /* Assets.xcassets in Resources */ = {isa = PBXBuildFile; fileRef = E225E73F2461862E00F60E45 /* Assets.xcassets */; };
		E227B55524735A9400115B09 /* EntityTests.swift in Sources */ = {isa = PBXBuildFile; fileRef = E227B55424735A9400115B09 /* EntityTests.swift */; };
		E227B5572473779300115B09 /* Quest.swift in Sources */ = {isa = PBXBuildFile; fileRef = E227B5562473779300115B09 /* Quest.swift */; };
		E227B55924737B6500115B09 /* QuestTests.swift in Sources */ = {isa = PBXBuildFile; fileRef = E227B55824737B6500115B09 /* QuestTests.swift */; };
		E227B55B247413F300115B09 /* PlayerTurnActionSystem.swift in Sources */ = {isa = PBXBuildFile; fileRef = E227B55A247413F300115B09 /* PlayerTurnActionSystem.swift */; };
		E227B55D2474922400115B09 /* PlayerTurnActionSystemTests.swift in Sources */ = {isa = PBXBuildFile; fileRef = E227B55C2474922400115B09 /* PlayerTurnActionSystemTests.swift */; };
		E237D00924754F5600914C1D /* GridMap+Description.swift in Sources */ = {isa = PBXBuildFile; fileRef = E237D00824754F5600914C1D /* GridMap+Description.swift */; };
		E25FB14E2461DD49000A90A8 /* DungeonScene.sks in Resources */ = {isa = PBXBuildFile; fileRef = E25FB14D2461DD49000A90A8 /* DungeonScene.sks */; };
		E25FB1502461DE0B000A90A8 /* DungeonScene.swift in Sources */ = {isa = PBXBuildFile; fileRef = E25FB14F2461DE0B000A90A8 /* DungeonScene.swift */; };
		E25FB15924621DEB000A90A8 /* Assets.xcassets in Resources */ = {isa = PBXBuildFile; fileRef = E225E73F2461862E00F60E45 /* Assets.xcassets */; };
		E292EA11245D9737002A0F31 /* RoomGeneratorTests.swift in Sources */ = {isa = PBXBuildFile; fileRef = E292EA10245D9737002A0F31 /* RoomGeneratorTests.swift */; };
		E292EA13245DD3F4002A0F31 /* MazeGenerator.swift in Sources */ = {isa = PBXBuildFile; fileRef = E292EA12245DD3F4002A0F31 /* MazeGenerator.swift */; };
		E292EA15245DD6BA002A0F31 /* MazeGeneratorTests.swift in Sources */ = {isa = PBXBuildFile; fileRef = E292EA14245DD6BA002A0F31 /* MazeGeneratorTests.swift */; };
		E292EA17245DF878002A0F31 /* DungeonMapTests.swift in Sources */ = {isa = PBXBuildFile; fileRef = E292EA16245DF878002A0F31 /* DungeonMapTests.swift */; };
		E292EA19245DF8D5002A0F31 /* DungeonMap.swift in Sources */ = {isa = PBXBuildFile; fileRef = E292EA18245DF8D5002A0F31 /* DungeonMap.swift */; };
		E292EA1D245EF149002A0F31 /* Regions.swift in Sources */ = {isa = PBXBuildFile; fileRef = E292EA1C245EF149002A0F31 /* Regions.swift */; };
		E292EA1F245F04AA002A0F31 /* RegionConnector.swift in Sources */ = {isa = PBXBuildFile; fileRef = E292EA1E245F04AA002A0F31 /* RegionConnector.swift */; };
		E292EA21245F0525002A0F31 /* RegionConnectorTests.swift in Sources */ = {isa = PBXBuildFile; fileRef = E292EA20245F0525002A0F31 /* RegionConnectorTests.swift */; };
		E292EA23245F06D8002A0F31 /* GridMap+Equatable.swift in Sources */ = {isa = PBXBuildFile; fileRef = E292EA22245F06D8002A0F31 /* GridMap+Equatable.swift */; };
		E292EA25245F2D1A002A0F31 /* Direction.swift in Sources */ = {isa = PBXBuildFile; fileRef = E292EA24245F2D1A002A0F31 /* Direction.swift */; };
		E292EA2A2460B1F6002A0F31 /* DeadEndRemover.swift in Sources */ = {isa = PBXBuildFile; fileRef = E292EA292460B1F6002A0F31 /* DeadEndRemover.swift */; };
		E292EA2C2460B36A002A0F31 /* DeadEndRemoverTests.swift in Sources */ = {isa = PBXBuildFile; fileRef = E292EA2B2460B36A002A0F31 /* DeadEndRemoverTests.swift */; };
		E2980F30246867D6000BA2AC /* DungeonDecorations.swift in Sources */ = {isa = PBXBuildFile; fileRef = E2980F2F246867D6000BA2AC /* DungeonDecorations.swift */; };
		E2980F3224687CB5000BA2AC /* Ghost.swift in Sources */ = {isa = PBXBuildFile; fileRef = E2980F3124687CB5000BA2AC /* Ghost.swift */; };
		E2980F3424687E16000BA2AC /* EnemySpriteProvider.swift in Sources */ = {isa = PBXBuildFile; fileRef = E2980F3324687E16000BA2AC /* EnemySpriteProvider.swift */; };
		E2980F362468E32E000BA2AC /* LevelProviding.swift in Sources */ = {isa = PBXBuildFile; fileRef = E2980F352468E32E000BA2AC /* LevelProviding.swift */; };
		E2980F3A246D6EF8000BA2AC /* Game.swift in Sources */ = {isa = PBXBuildFile; fileRef = E2980F39246D6EF8000BA2AC /* Game.swift */; };
		E29F72E624709666008C7719 /* TurnTakingSystem.swift in Sources */ = {isa = PBXBuildFile; fileRef = E29F72E524709666008C7719 /* TurnTakingSystem.swift */; };
		E29F72EA2470A568008C7719 /* EnemyTurnActionSystemTests.swift in Sources */ = {isa = PBXBuildFile; fileRef = E29F72E92470A568008C7719 /* EnemyTurnActionSystemTests.swift */; };
		E29F72EC2470B636008C7719 /* FixedSizeQueue.swift in Sources */ = {isa = PBXBuildFile; fileRef = E29F72EB2470B636008C7719 /* FixedSizeQueue.swift */; };
		E29F72EF2470B650008C7719 /* FixedSizeQueueTests.swift in Sources */ = {isa = PBXBuildFile; fileRef = E29F72EE2470B650008C7719 /* FixedSizeQueueTests.swift */; };
		E29F72F124719A23008C7719 /* EntityManager.swift in Sources */ = {isa = PBXBuildFile; fileRef = E29F72F024719A23008C7719 /* EntityManager.swift */; };
		E29F72F324719C51008C7719 /* Entity.swift in Sources */ = {isa = PBXBuildFile; fileRef = E29F72F224719C51008C7719 /* Entity.swift */; };
		E29F72F524719D2E008C7719 /* Component.swift in Sources */ = {isa = PBXBuildFile; fileRef = E29F72F424719D2E008C7719 /* Component.swift */; };
		E29F72F924719F18008C7719 /* EntityManagerTests.swift in Sources */ = {isa = PBXBuildFile; fileRef = E29F72F824719F18008C7719 /* EntityManagerTests.swift */; };
		E29F72FD2471D749008C7719 /* SpriteComponent.swift in Sources */ = {isa = PBXBuildFile; fileRef = E29F72FC2471D749008C7719 /* SpriteComponent.swift */; };
		E29F72FF2471D9CA008C7719 /* EntityFactory.swift in Sources */ = {isa = PBXBuildFile; fileRef = E29F72FE2471D9CA008C7719 /* EntityFactory.swift */; };
		E29F73012471DB51008C7719 /* EnemyComponent.swift in Sources */ = {isa = PBXBuildFile; fileRef = E29F73002471DB51008C7719 /* EnemyComponent.swift */; };
		E29F73032471DFC7008C7719 /* CombatComponent.swift in Sources */ = {isa = PBXBuildFile; fileRef = E29F73022471DFC7008C7719 /* CombatComponent.swift */; };
		E29F73072471F471008C7719 /* EnemyTurnActionSystem.swift in Sources */ = {isa = PBXBuildFile; fileRef = E29F73062471F471008C7719 /* EnemyTurnActionSystem.swift */; };
		E29F730A2472AFB4008C7719 /* System.swift in Sources */ = {isa = PBXBuildFile; fileRef = E29F73092472AFB4008C7719 /* System.swift */; };
		E2AD164424677B03003A9197 /* Animatable.swift in Sources */ = {isa = PBXBuildFile; fileRef = E2AD164324677B03003A9197 /* Animatable.swift */; };
		E2B2A1DE2457BCE4000ED955 /* AppDelegate.swift in Sources */ = {isa = PBXBuildFile; fileRef = E2B2A1DD2457BCE4000ED955 /* AppDelegate.swift */; };
		E2B2A1E02457BCE4000ED955 /* GameScene.sks in Resources */ = {isa = PBXBuildFile; fileRef = E2B2A1DF2457BCE4000ED955 /* GameScene.sks */; };
		E2B2A1E42457BCE4000ED955 /* GameScene.swift in Sources */ = {isa = PBXBuildFile; fileRef = E2B2A1E32457BCE4000ED955 /* GameScene.swift */; };
		E2B2A1E62457BCE4000ED955 /* GameViewController.swift in Sources */ = {isa = PBXBuildFile; fileRef = E2B2A1E52457BCE4000ED955 /* GameViewController.swift */; };
		E2B2A1E92457BCE4000ED955 /* Main.storyboard in Resources */ = {isa = PBXBuildFile; fileRef = E2B2A1E72457BCE4000ED955 /* Main.storyboard */; };
		E2B2A1EB2457BCE8000ED955 /* Assets.xcassets in Resources */ = {isa = PBXBuildFile; fileRef = E2B2A1EA2457BCE8000ED955 /* Assets.xcassets */; };
		E2B2A1EE2457BCE8000ED955 /* LaunchScreen.storyboard in Resources */ = {isa = PBXBuildFile; fileRef = E2B2A1EC2457BCE8000ED955 /* LaunchScreen.storyboard */; };
		E2B2A2192457C157000ED955 /* DungeonGenerator.swift in Sources */ = {isa = PBXBuildFile; fileRef = E2B2A2182457C157000ED955 /* DungeonGenerator.swift */; };
		E2B2A21C2457C19F000ED955 /* DungeonGeneratorTests.swift in Sources */ = {isa = PBXBuildFile; fileRef = E2B2A21B2457C19F000ED955 /* DungeonGeneratorTests.swift */; };
		E2B2A21E2457C39E000ED955 /* DungeonModel.swift in Sources */ = {isa = PBXBuildFile; fileRef = E2B2A21D2457C39E000ED955 /* DungeonModel.swift */; };
		E2B2A2202457CBC4000ED955 /* Tile.swift in Sources */ = {isa = PBXBuildFile; fileRef = E2B2A21F2457CBC4000ED955 /* Tile.swift */; };
		E2B2A22224589E15000ED955 /* GridRect+CoreGraphics.swift in Sources */ = {isa = PBXBuildFile; fileRef = E2B2A22124589E15000ED955 /* GridRect+CoreGraphics.swift */; };
		E2B2A224245909D1000ED955 /* SeededRandomNumberGenerator.swift in Sources */ = {isa = PBXBuildFile; fileRef = E2B2A223245909D1000ED955 /* SeededRandomNumberGenerator.swift */; };
		E2B2A227245920C5000ED955 /* AnyRandomNumberGenerator.swift in Sources */ = {isa = PBXBuildFile; fileRef = E2B2A226245920C5000ED955 /* AnyRandomNumberGenerator.swift */; };
		E2B2A2292459FE1E000ED955 /* Pathfinder.swift in Sources */ = {isa = PBXBuildFile; fileRef = E2B2A2282459FE1E000ED955 /* Pathfinder.swift */; };
		E2C8D08C245BB295005EE3D8 /* GridMap.swift in Sources */ = {isa = PBXBuildFile; fileRef = E2C8D08B245BB295005EE3D8 /* GridMap.swift */; };
		E2C8D08E245BC95D005EE3D8 /* RoomGenerator.swift in Sources */ = {isa = PBXBuildFile; fileRef = E2C8D08D245BC95D005EE3D8 /* RoomGenerator.swift */; };
		E2C98AE42463103D005C11AD /* DungeonDecorator.swift in Sources */ = {isa = PBXBuildFile; fileRef = E2C98AE124631030005C11AD /* DungeonDecorator.swift */; };
		E2C98AE624631052005C11AD /* DungeonDecoratorTests.swift in Sources */ = {isa = PBXBuildFile; fileRef = E2C98AE524631052005C11AD /* DungeonDecoratorTests.swift */; };
		E2C98AE92463247B005C11AD /* PlayerSprite.swift in Sources */ = {isa = PBXBuildFile; fileRef = E2C98AE82463247B005C11AD /* PlayerSprite.swift */; };
		E2E2BDC4246ED069009DE525 /* GameTests.swift in Sources */ = {isa = PBXBuildFile; fileRef = E2E2BDC3246ED069009DE525 /* GameTests.swift */; };
		E2E2BDC6246F47D2009DE525 /* DungeonScene+CreateGame.swift in Sources */ = {isa = PBXBuildFile; fileRef = E2E2BDC5246F47D2009DE525 /* DungeonScene+CreateGame.swift */; };
		E2E2BDC8246F48A9009DE525 /* DungeonScene+DisplayScene.swift in Sources */ = {isa = PBXBuildFile; fileRef = E2E2BDC7246F48A9009DE525 /* DungeonScene+DisplayScene.swift */; };
		E2E2BDCA246F490F009DE525 /* DungeonScene+TakeTurn.swift in Sources */ = {isa = PBXBuildFile; fileRef = E2E2BDC9246F490F009DE525 /* DungeonScene+TakeTurn.swift */; };
		E2E2BDCC246F49E5009DE525 /* DungeonScene+Animation.swift in Sources */ = {isa = PBXBuildFile; fileRef = E2E2BDCB246F49E5009DE525 /* DungeonScene+Animation.swift */; };
		E2E2BDCE246F4D8B009DE525 /* DungeonScene+Touch.swift in Sources */ = {isa = PBXBuildFile; fileRef = E2E2BDCD246F4D8B009DE525 /* DungeonScene+Touch.swift */; };
		E2E2BDD2246F5B72009DE525 /* TurnTakingSystemTests.swift in Sources */ = {isa = PBXBuildFile; fileRef = E2E2BDD1246F5B72009DE525 /* TurnTakingSystemTests.swift */; };
		E2E2BDD4246F63E0009DE525 /* CombatSystem.swift in Sources */ = {isa = PBXBuildFile; fileRef = E2E2BDD3246F63E0009DE525 /* CombatSystem.swift */; };
		E2E2BDD6246F64B6009DE525 /* CombatSystemTests.swift in Sources */ = {isa = PBXBuildFile; fileRef = E2E2BDD5246F64B6009DE525 /* CombatSystemTests.swift */; };
		E2E2BDDA247009DB009DE525 /* D20.swift in Sources */ = {isa = PBXBuildFile; fileRef = E2E2BDD9247009DB009DE525 /* D20.swift */; };
		E2E4E82A2464345100F5EA93 /* CGPoint+Extensions.swift in Sources */ = {isa = PBXBuildFile; fileRef = E2E4E8292464345100F5EA93 /* CGPoint+Extensions.swift */; };
		E2E4E82D2464357500F5EA93 /* CGPoint+ExtensionsTests.swift in Sources */ = {isa = PBXBuildFile; fileRef = E2E4E82C2464357500F5EA93 /* CGPoint+ExtensionsTests.swift */; };
		E2E4E82F246439AA00F5EA93 /* CGVector+Extensions.swift in Sources */ = {isa = PBXBuildFile; fileRef = E2E4E82E246439AA00F5EA93 /* CGVector+Extensions.swift */; };
		E2E4E83124643A1A00F5EA93 /* CGVector+ExtensionsTests.swift in Sources */ = {isa = PBXBuildFile; fileRef = E2E4E83024643A1A00F5EA93 /* CGVector+ExtensionsTests.swift */; };
		E2E4E83524661DD400F5EA93 /* DungeonTurnState.swift in Sources */ = {isa = PBXBuildFile; fileRef = E2E4E83424661DD400F5EA93 /* DungeonTurnState.swift */; };
/* End PBXBuildFile section */

/* Begin PBXContainerItemProxy section */
		E2B2A1F52457BCE8000ED955 /* PBXContainerItemProxy */ = {
			isa = PBXContainerItemProxy;
			containerPortal = E2B2A1D22457BCE4000ED955 /* Project object */;
			proxyType = 1;
			remoteGlobalIDString = E2B2A1D92457BCE4000ED955;
			remoteInfo = DungeonCrawl;
		};
/* End PBXContainerItemProxy section */

/* Begin PBXFileReference section */
		88441187D724EF6DE3429F52 /* Pods-DungeonCrawl.debug.xcconfig */ = {isa = PBXFileReference; includeInIndex = 1; lastKnownFileType = text.xcconfig; name = "Pods-DungeonCrawl.debug.xcconfig"; path = "Target Support Files/Pods-DungeonCrawl/Pods-DungeonCrawl.debug.xcconfig"; sourceTree = "<group>"; };
		92768E9600B71E15C1D571EC /* Pods-DungeonCrawlTests.debug.xcconfig */ = {isa = PBXFileReference; includeInIndex = 1; lastKnownFileType = text.xcconfig; name = "Pods-DungeonCrawlTests.debug.xcconfig"; path = "Target Support Files/Pods-DungeonCrawlTests/Pods-DungeonCrawlTests.debug.xcconfig"; sourceTree = "<group>"; };
		935E634EBE517E61572844D5 /* Pods-DungeonCrawlTests.release.xcconfig */ = {isa = PBXFileReference; includeInIndex = 1; lastKnownFileType = text.xcconfig; name = "Pods-DungeonCrawlTests.release.xcconfig"; path = "Target Support Files/Pods-DungeonCrawlTests/Pods-DungeonCrawlTests.release.xcconfig"; sourceTree = "<group>"; };
		B167E8A2771D4CD9D27B946B /* Pods-DungeonCrawl.release.xcconfig */ = {isa = PBXFileReference; includeInIndex = 1; lastKnownFileType = text.xcconfig; name = "Pods-DungeonCrawl.release.xcconfig"; path = "Target Support Files/Pods-DungeonCrawl/Pods-DungeonCrawl.release.xcconfig"; sourceTree = "<group>"; };
		E216F5CF24670F2E00844BF8 /* CGFloat+Extensions.swift */ = {isa = PBXFileReference; lastKnownFileType = sourcecode.swift; path = "CGFloat+Extensions.swift"; sourceTree = "<group>"; };
		E216F5D1246711AD00844BF8 /* CGFloat+ExtensionsTests.swift */ = {isa = PBXFileReference; lastKnownFileType = sourcecode.swift; path = "CGFloat+ExtensionsTests.swift"; sourceTree = "<group>"; };
		E216F5D324671E5600844BF8 /* Direction+GridPoint.swift */ = {isa = PBXFileReference; lastKnownFileType = sourcecode.swift; path = "Direction+GridPoint.swift"; sourceTree = "<group>"; };
		E216F5D52467214000844BF8 /* DirectionGridPointTests.swift */ = {isa = PBXFileReference; lastKnownFileType = sourcecode.swift; path = DirectionGridPointTests.swift; sourceTree = "<group>"; };
		E225E73E2461862E00F60E45 /* DungeonTileSet.sks */ = {isa = PBXFileReference; lastKnownFileType = file.sks; path = DungeonTileSet.sks; sourceTree = "<group>"; };
		E225E73F2461862E00F60E45 /* Assets.xcassets */ = {isa = PBXFileReference; lastKnownFileType = folder.assetcatalog; path = Assets.xcassets; sourceTree = "<group>"; };
		E227B55424735A9400115B09 /* EntityTests.swift */ = {isa = PBXFileReference; lastKnownFileType = sourcecode.swift; path = EntityTests.swift; sourceTree = "<group>"; };
		E227B5562473779300115B09 /* Quest.swift */ = {isa = PBXFileReference; lastKnownFileType = sourcecode.swift; path = Quest.swift; sourceTree = "<group>"; };
		E227B55824737B6500115B09 /* QuestTests.swift */ = {isa = PBXFileReference; lastKnownFileType = sourcecode.swift; path = QuestTests.swift; sourceTree = "<group>"; };
		E227B55A247413F300115B09 /* PlayerTurnActionSystem.swift */ = {isa = PBXFileReference; lastKnownFileType = sourcecode.swift; path = PlayerTurnActionSystem.swift; sourceTree = "<group>"; };
		E227B55C2474922400115B09 /* PlayerTurnActionSystemTests.swift */ = {isa = PBXFileReference; lastKnownFileType = sourcecode.swift; path = PlayerTurnActionSystemTests.swift; sourceTree = "<group>"; };
		E237D00824754F5600914C1D /* GridMap+Description.swift */ = {isa = PBXFileReference; lastKnownFileType = sourcecode.swift; path = "GridMap+Description.swift"; sourceTree = "<group>"; };
		E25FB14D2461DD49000A90A8 /* DungeonScene.sks */ = {isa = PBXFileReference; lastKnownFileType = file.sks; path = DungeonScene.sks; sourceTree = "<group>"; };
		E25FB14F2461DE0B000A90A8 /* DungeonScene.swift */ = {isa = PBXFileReference; lastKnownFileType = sourcecode.swift; path = DungeonScene.swift; sourceTree = "<group>"; };
		E292EA10245D9737002A0F31 /* RoomGeneratorTests.swift */ = {isa = PBXFileReference; lastKnownFileType = sourcecode.swift; path = RoomGeneratorTests.swift; sourceTree = "<group>"; };
		E292EA12245DD3F4002A0F31 /* MazeGenerator.swift */ = {isa = PBXFileReference; lastKnownFileType = sourcecode.swift; path = MazeGenerator.swift; sourceTree = "<group>"; };
		E292EA14245DD6BA002A0F31 /* MazeGeneratorTests.swift */ = {isa = PBXFileReference; lastKnownFileType = sourcecode.swift; path = MazeGeneratorTests.swift; sourceTree = "<group>"; };
		E292EA16245DF878002A0F31 /* DungeonMapTests.swift */ = {isa = PBXFileReference; lastKnownFileType = sourcecode.swift; path = DungeonMapTests.swift; sourceTree = "<group>"; };
		E292EA18245DF8D5002A0F31 /* DungeonMap.swift */ = {isa = PBXFileReference; lastKnownFileType = sourcecode.swift; path = DungeonMap.swift; sourceTree = "<group>"; };
		E292EA1C245EF149002A0F31 /* Regions.swift */ = {isa = PBXFileReference; lastKnownFileType = sourcecode.swift; path = Regions.swift; sourceTree = "<group>"; };
		E292EA1E245F04AA002A0F31 /* RegionConnector.swift */ = {isa = PBXFileReference; lastKnownFileType = sourcecode.swift; path = RegionConnector.swift; sourceTree = "<group>"; };
		E292EA20245F0525002A0F31 /* RegionConnectorTests.swift */ = {isa = PBXFileReference; lastKnownFileType = sourcecode.swift; path = RegionConnectorTests.swift; sourceTree = "<group>"; };
		E292EA22245F06D8002A0F31 /* GridMap+Equatable.swift */ = {isa = PBXFileReference; lastKnownFileType = sourcecode.swift; path = "GridMap+Equatable.swift"; sourceTree = "<group>"; };
		E292EA24245F2D1A002A0F31 /* Direction.swift */ = {isa = PBXFileReference; lastKnownFileType = sourcecode.swift; path = Direction.swift; sourceTree = "<group>"; };
		E292EA292460B1F6002A0F31 /* DeadEndRemover.swift */ = {isa = PBXFileReference; lastKnownFileType = sourcecode.swift; path = DeadEndRemover.swift; sourceTree = "<group>"; };
		E292EA2B2460B36A002A0F31 /* DeadEndRemoverTests.swift */ = {isa = PBXFileReference; lastKnownFileType = sourcecode.swift; path = DeadEndRemoverTests.swift; sourceTree = "<group>"; };
		E2980F2F246867D6000BA2AC /* DungeonDecorations.swift */ = {isa = PBXFileReference; lastKnownFileType = sourcecode.swift; path = DungeonDecorations.swift; sourceTree = "<group>"; };
		E2980F3124687CB5000BA2AC /* Ghost.swift */ = {isa = PBXFileReference; lastKnownFileType = sourcecode.swift; path = Ghost.swift; sourceTree = "<group>"; };
		E2980F3324687E16000BA2AC /* EnemySpriteProvider.swift */ = {isa = PBXFileReference; lastKnownFileType = sourcecode.swift; path = EnemySpriteProvider.swift; sourceTree = "<group>"; };
		E2980F352468E32E000BA2AC /* LevelProviding.swift */ = {isa = PBXFileReference; lastKnownFileType = sourcecode.swift; path = LevelProviding.swift; sourceTree = "<group>"; };
		E2980F39246D6EF8000BA2AC /* Game.swift */ = {isa = PBXFileReference; lastKnownFileType = sourcecode.swift; path = Game.swift; sourceTree = "<group>"; };
		E29F72E524709666008C7719 /* TurnTakingSystem.swift */ = {isa = PBXFileReference; lastKnownFileType = sourcecode.swift; path = TurnTakingSystem.swift; sourceTree = "<group>"; };
		E29F72E92470A568008C7719 /* EnemyTurnActionSystemTests.swift */ = {isa = PBXFileReference; lastKnownFileType = sourcecode.swift; path = EnemyTurnActionSystemTests.swift; sourceTree = "<group>"; };
		E29F72EB2470B636008C7719 /* FixedSizeQueue.swift */ = {isa = PBXFileReference; lastKnownFileType = sourcecode.swift; path = FixedSizeQueue.swift; sourceTree = "<group>"; };
		E29F72EE2470B650008C7719 /* FixedSizeQueueTests.swift */ = {isa = PBXFileReference; lastKnownFileType = sourcecode.swift; path = FixedSizeQueueTests.swift; sourceTree = "<group>"; };
		E29F72F024719A23008C7719 /* EntityManager.swift */ = {isa = PBXFileReference; lastKnownFileType = sourcecode.swift; path = EntityManager.swift; sourceTree = "<group>"; };
		E29F72F224719C51008C7719 /* Entity.swift */ = {isa = PBXFileReference; lastKnownFileType = sourcecode.swift; path = Entity.swift; sourceTree = "<group>"; };
		E29F72F424719D2E008C7719 /* Component.swift */ = {isa = PBXFileReference; lastKnownFileType = sourcecode.swift; path = Component.swift; sourceTree = "<group>"; };
		E29F72F824719F18008C7719 /* EntityManagerTests.swift */ = {isa = PBXFileReference; lastKnownFileType = sourcecode.swift; path = EntityManagerTests.swift; sourceTree = "<group>"; };
		E29F72FC2471D749008C7719 /* SpriteComponent.swift */ = {isa = PBXFileReference; lastKnownFileType = sourcecode.swift; path = SpriteComponent.swift; sourceTree = "<group>"; };
		E29F72FE2471D9CA008C7719 /* EntityFactory.swift */ = {isa = PBXFileReference; lastKnownFileType = sourcecode.swift; path = EntityFactory.swift; sourceTree = "<group>"; };
		E29F73002471DB51008C7719 /* EnemyComponent.swift */ = {isa = PBXFileReference; lastKnownFileType = sourcecode.swift; path = EnemyComponent.swift; sourceTree = "<group>"; };
		E29F73022471DFC7008C7719 /* CombatComponent.swift */ = {isa = PBXFileReference; lastKnownFileType = sourcecode.swift; path = CombatComponent.swift; sourceTree = "<group>"; };
		E29F73062471F471008C7719 /* EnemyTurnActionSystem.swift */ = {isa = PBXFileReference; lastKnownFileType = sourcecode.swift; path = EnemyTurnActionSystem.swift; sourceTree = "<group>"; };
		E29F73092472AFB4008C7719 /* System.swift */ = {isa = PBXFileReference; lastKnownFileType = sourcecode.swift; path = System.swift; sourceTree = "<group>"; };
		E2AD164324677B03003A9197 /* Animatable.swift */ = {isa = PBXFileReference; lastKnownFileType = sourcecode.swift; path = Animatable.swift; sourceTree = "<group>"; };
		E2B2A1DA2457BCE4000ED955 /* DungeonCrawl.app */ = {isa = PBXFileReference; explicitFileType = wrapper.application; includeInIndex = 0; path = DungeonCrawl.app; sourceTree = BUILT_PRODUCTS_DIR; };
		E2B2A1DD2457BCE4000ED955 /* AppDelegate.swift */ = {isa = PBXFileReference; lastKnownFileType = sourcecode.swift; path = AppDelegate.swift; sourceTree = "<group>"; };
		E2B2A1DF2457BCE4000ED955 /* GameScene.sks */ = {isa = PBXFileReference; lastKnownFileType = file.sks; path = GameScene.sks; sourceTree = "<group>"; };
		E2B2A1E32457BCE4000ED955 /* GameScene.swift */ = {isa = PBXFileReference; lastKnownFileType = sourcecode.swift; path = GameScene.swift; sourceTree = "<group>"; };
		E2B2A1E52457BCE4000ED955 /* GameViewController.swift */ = {isa = PBXFileReference; lastKnownFileType = sourcecode.swift; path = GameViewController.swift; sourceTree = "<group>"; };
		E2B2A1E82457BCE4000ED955 /* Base */ = {isa = PBXFileReference; lastKnownFileType = file.storyboard; name = Base; path = Base.lproj/Main.storyboard; sourceTree = "<group>"; };
		E2B2A1EA2457BCE8000ED955 /* Assets.xcassets */ = {isa = PBXFileReference; lastKnownFileType = folder.assetcatalog; path = Assets.xcassets; sourceTree = "<group>"; };
		E2B2A1ED2457BCE8000ED955 /* Base */ = {isa = PBXFileReference; lastKnownFileType = file.storyboard; name = Base; path = Base.lproj/LaunchScreen.storyboard; sourceTree = "<group>"; };
		E2B2A1EF2457BCE8000ED955 /* Info.plist */ = {isa = PBXFileReference; lastKnownFileType = text.plist.xml; path = Info.plist; sourceTree = "<group>"; };
		E2B2A1F42457BCE8000ED955 /* DungeonCrawlTests.xctest */ = {isa = PBXFileReference; explicitFileType = wrapper.cfbundle; includeInIndex = 0; path = DungeonCrawlTests.xctest; sourceTree = BUILT_PRODUCTS_DIR; };
		E2B2A1FA2457BCE8000ED955 /* Info.plist */ = {isa = PBXFileReference; lastKnownFileType = text.plist.xml; path = Info.plist; sourceTree = "<group>"; };
		E2B2A2182457C157000ED955 /* DungeonGenerator.swift */ = {isa = PBXFileReference; lastKnownFileType = sourcecode.swift; path = DungeonGenerator.swift; sourceTree = "<group>"; };
		E2B2A21B2457C19F000ED955 /* DungeonGeneratorTests.swift */ = {isa = PBXFileReference; lastKnownFileType = sourcecode.swift; path = DungeonGeneratorTests.swift; sourceTree = "<group>"; };
		E2B2A21D2457C39E000ED955 /* DungeonModel.swift */ = {isa = PBXFileReference; lastKnownFileType = sourcecode.swift; path = DungeonModel.swift; sourceTree = "<group>"; };
		E2B2A21F2457CBC4000ED955 /* Tile.swift */ = {isa = PBXFileReference; lastKnownFileType = sourcecode.swift; path = Tile.swift; sourceTree = "<group>"; };
		E2B2A22124589E15000ED955 /* GridRect+CoreGraphics.swift */ = {isa = PBXFileReference; lastKnownFileType = sourcecode.swift; path = "GridRect+CoreGraphics.swift"; sourceTree = "<group>"; };
		E2B2A223245909D1000ED955 /* SeededRandomNumberGenerator.swift */ = {isa = PBXFileReference; lastKnownFileType = sourcecode.swift; path = SeededRandomNumberGenerator.swift; sourceTree = "<group>"; };
		E2B2A226245920C5000ED955 /* AnyRandomNumberGenerator.swift */ = {isa = PBXFileReference; lastKnownFileType = sourcecode.swift; path = AnyRandomNumberGenerator.swift; sourceTree = "<group>"; };
		E2B2A2282459FE1E000ED955 /* Pathfinder.swift */ = {isa = PBXFileReference; lastKnownFileType = sourcecode.swift; path = Pathfinder.swift; sourceTree = "<group>"; };
		E2C8D08B245BB295005EE3D8 /* GridMap.swift */ = {isa = PBXFileReference; lastKnownFileType = sourcecode.swift; path = GridMap.swift; sourceTree = "<group>"; };
		E2C8D08D245BC95D005EE3D8 /* RoomGenerator.swift */ = {isa = PBXFileReference; lastKnownFileType = sourcecode.swift; path = RoomGenerator.swift; sourceTree = "<group>"; };
		E2C98AE124631030005C11AD /* DungeonDecorator.swift */ = {isa = PBXFileReference; lastKnownFileType = sourcecode.swift; path = DungeonDecorator.swift; sourceTree = "<group>"; };
		E2C98AE524631052005C11AD /* DungeonDecoratorTests.swift */ = {isa = PBXFileReference; lastKnownFileType = sourcecode.swift; path = DungeonDecoratorTests.swift; sourceTree = "<group>"; };
		E2C98AE82463247B005C11AD /* PlayerSprite.swift */ = {isa = PBXFileReference; lastKnownFileType = sourcecode.swift; path = PlayerSprite.swift; sourceTree = "<group>"; };
		E2E2BDC3246ED069009DE525 /* GameTests.swift */ = {isa = PBXFileReference; lastKnownFileType = sourcecode.swift; path = GameTests.swift; sourceTree = "<group>"; };
		E2E2BDC5246F47D2009DE525 /* DungeonScene+CreateGame.swift */ = {isa = PBXFileReference; lastKnownFileType = sourcecode.swift; path = "DungeonScene+CreateGame.swift"; sourceTree = "<group>"; };
		E2E2BDC7246F48A9009DE525 /* DungeonScene+DisplayScene.swift */ = {isa = PBXFileReference; lastKnownFileType = sourcecode.swift; path = "DungeonScene+DisplayScene.swift"; sourceTree = "<group>"; };
		E2E2BDC9246F490F009DE525 /* DungeonScene+TakeTurn.swift */ = {isa = PBXFileReference; lastKnownFileType = sourcecode.swift; path = "DungeonScene+TakeTurn.swift"; sourceTree = "<group>"; };
		E2E2BDCB246F49E5009DE525 /* DungeonScene+Animation.swift */ = {isa = PBXFileReference; lastKnownFileType = sourcecode.swift; path = "DungeonScene+Animation.swift"; sourceTree = "<group>"; };
		E2E2BDCD246F4D8B009DE525 /* DungeonScene+Touch.swift */ = {isa = PBXFileReference; lastKnownFileType = sourcecode.swift; path = "DungeonScene+Touch.swift"; sourceTree = "<group>"; };
		E2E2BDD1246F5B72009DE525 /* TurnTakingSystemTests.swift */ = {isa = PBXFileReference; lastKnownFileType = sourcecode.swift; path = TurnTakingSystemTests.swift; sourceTree = "<group>"; };
		E2E2BDD3246F63E0009DE525 /* CombatSystem.swift */ = {isa = PBXFileReference; lastKnownFileType = sourcecode.swift; path = CombatSystem.swift; sourceTree = "<group>"; };
		E2E2BDD5246F64B6009DE525 /* CombatSystemTests.swift */ = {isa = PBXFileReference; lastKnownFileType = sourcecode.swift; path = CombatSystemTests.swift; sourceTree = "<group>"; };
		E2E2BDD9247009DB009DE525 /* D20.swift */ = {isa = PBXFileReference; lastKnownFileType = sourcecode.swift; path = D20.swift; sourceTree = "<group>"; };
		E2E4E8292464345100F5EA93 /* CGPoint+Extensions.swift */ = {isa = PBXFileReference; lastKnownFileType = sourcecode.swift; path = "CGPoint+Extensions.swift"; sourceTree = "<group>"; };
		E2E4E82C2464357500F5EA93 /* CGPoint+ExtensionsTests.swift */ = {isa = PBXFileReference; lastKnownFileType = sourcecode.swift; path = "CGPoint+ExtensionsTests.swift"; sourceTree = "<group>"; };
		E2E4E82E246439AA00F5EA93 /* CGVector+Extensions.swift */ = {isa = PBXFileReference; lastKnownFileType = sourcecode.swift; path = "CGVector+Extensions.swift"; sourceTree = "<group>"; };
		E2E4E83024643A1A00F5EA93 /* CGVector+ExtensionsTests.swift */ = {isa = PBXFileReference; lastKnownFileType = sourcecode.swift; path = "CGVector+ExtensionsTests.swift"; sourceTree = "<group>"; };
		E2E4E8322464408000F5EA93 /* DungeonCamera.swift */ = {isa = PBXFileReference; lastKnownFileType = sourcecode.swift; path = DungeonCamera.swift; sourceTree = "<group>"; };
		E2E4E83424661DD400F5EA93 /* DungeonTurnState.swift */ = {isa = PBXFileReference; lastKnownFileType = sourcecode.swift; path = DungeonTurnState.swift; sourceTree = "<group>"; };
		F2C4C5077A6B6A699FB31008 /* Pods_DungeonCrawl.framework */ = {isa = PBXFileReference; explicitFileType = wrapper.framework; includeInIndex = 0; path = Pods_DungeonCrawl.framework; sourceTree = BUILT_PRODUCTS_DIR; };
		FE11450BFB632D6650A98A9D /* Pods_DungeonCrawlTests.framework */ = {isa = PBXFileReference; explicitFileType = wrapper.framework; includeInIndex = 0; path = Pods_DungeonCrawlTests.framework; sourceTree = BUILT_PRODUCTS_DIR; };
/* End PBXFileReference section */

/* Begin PBXFrameworksBuildPhase section */
		E2B2A1D72457BCE4000ED955 /* Frameworks */ = {
			isa = PBXFrameworksBuildPhase;
			buildActionMask = 2147483647;
			files = (
				77833BCFBB41A67479A3C035 /* Pods_DungeonCrawl.framework in Frameworks */,
			);
			runOnlyForDeploymentPostprocessing = 0;
		};
		E2B2A1F12457BCE8000ED955 /* Frameworks */ = {
			isa = PBXFrameworksBuildPhase;
			buildActionMask = 2147483647;
			files = (
				89FCB22007F6FB73FA4C7918 /* Pods_DungeonCrawlTests.framework in Frameworks */,
			);
			runOnlyForDeploymentPostprocessing = 0;
		};
/* End PBXFrameworksBuildPhase section */

/* Begin PBXGroup section */
		A25BC3182374275735F59968 /* Pods */ = {
			isa = PBXGroup;
			children = (
				88441187D724EF6DE3429F52 /* Pods-DungeonCrawl.debug.xcconfig */,
				B167E8A2771D4CD9D27B946B /* Pods-DungeonCrawl.release.xcconfig */,
				92768E9600B71E15C1D571EC /* Pods-DungeonCrawlTests.debug.xcconfig */,
				935E634EBE517E61572844D5 /* Pods-DungeonCrawlTests.release.xcconfig */,
			);
			path = Pods;
			sourceTree = "<group>";
		};
		B6A2FE3E0B005B08ECBEF7ED /* Frameworks */ = {
			isa = PBXGroup;
			children = (
				F2C4C5077A6B6A699FB31008 /* Pods_DungeonCrawl.framework */,
				FE11450BFB632D6650A98A9D /* Pods_DungeonCrawlTests.framework */,
			);
			name = Frameworks;
			sourceTree = "<group>";
		};
		E225E73D246185EF00F60E45 /* Resources */ = {
			isa = PBXGroup;
			children = (
				E225E73F2461862E00F60E45 /* Assets.xcassets */,
				E225E73E2461862E00F60E45 /* DungeonTileSet.sks */,
			);
			path = Resources;
			sourceTree = "<group>";
		};
		E25FB14C2461DB45000A90A8 /* DungeonScene */ = {
			isa = PBXGroup;
			children = (
				E25FB15324620DFE000A90A8 /* __tests__ */,
				E216F5D324671E5600844BF8 /* Direction+GridPoint.swift */,
				E2E4E8322464408000F5EA93 /* DungeonCamera.swift */,
				E25FB14D2461DD49000A90A8 /* DungeonScene.sks */,
				E25FB14F2461DE0B000A90A8 /* DungeonScene.swift */,
				E2E2BDCB246F49E5009DE525 /* DungeonScene+Animation.swift */,
				E2E2BDC5246F47D2009DE525 /* DungeonScene+CreateGame.swift */,
				E2E2BDC7246F48A9009DE525 /* DungeonScene+DisplayScene.swift */,
				E2E2BDC9246F490F009DE525 /* DungeonScene+TakeTurn.swift */,
				E2E2BDCD246F4D8B009DE525 /* DungeonScene+Touch.swift */,
				E2E4E83424661DD400F5EA93 /* DungeonTurnState.swift */,
			);
			path = DungeonScene;
			sourceTree = "<group>";
		};
		E25FB15324620DFE000A90A8 /* __tests__ */ = {
			isa = PBXGroup;
			children = (
				E216F5D52467214000844BF8 /* DirectionGridPointTests.swift */,
			);
			path = __tests__;
			sourceTree = "<group>";
		};
		E292EA2624604BF2002A0F31 /* __utils__ */ = {
			isa = PBXGroup;
			children = (
				E237D00824754F5600914C1D /* GridMap+Description.swift */,
				E292EA22245F06D8002A0F31 /* GridMap+Equatable.swift */,
				E2B2A2282459FE1E000ED955 /* Pathfinder.swift */,
				E2B2A223245909D1000ED955 /* SeededRandomNumberGenerator.swift */,
			);
			path = __utils__;
			sourceTree = "<group>";
		};
		E292EA2724604C2C002A0F31 /* Models */ = {
			isa = PBXGroup;
			children = (
				E292EA28246080B0002A0F31 /* __tests__ */,
				E292EA24245F2D1A002A0F31 /* Direction.swift */,
				E292EA18245DF8D5002A0F31 /* DungeonMap.swift */,
				E2B2A21D2457C39E000ED955 /* DungeonModel.swift */,
				E2C8D08B245BB295005EE3D8 /* GridMap.swift */,
				E2B2A22124589E15000ED955 /* GridRect+CoreGraphics.swift */,
				E292EA1C245EF149002A0F31 /* Regions.swift */,
				E2B2A21F2457CBC4000ED955 /* Tile.swift */,
			);
			path = Models;
			sourceTree = "<group>";
		};
		E292EA28246080B0002A0F31 /* __tests__ */ = {
			isa = PBXGroup;
			children = (
				E292EA16245DF878002A0F31 /* DungeonMapTests.swift */,
			);
			path = __tests__;
			sourceTree = "<group>";
		};
		E29F72ED2470B63C008C7719 /* __tests__ */ = {
			isa = PBXGroup;
			children = (
				E29F72EE2470B650008C7719 /* FixedSizeQueueTests.swift */,
			);
			path = __tests__;
			sourceTree = "<group>";
		};
		E29F72F624719EC8008C7719 /* EntityComponentSystem */ = {
			isa = PBXGroup;
			children = (
				E29F72F724719EF8008C7719 /* __tests__ */,
				E29F72F424719D2E008C7719 /* Component.swift */,
				E29F72F224719C51008C7719 /* Entity.swift */,
				E29F72F024719A23008C7719 /* EntityManager.swift */,
				E29F73092472AFB4008C7719 /* System.swift */,
			);
			path = EntityComponentSystem;
			sourceTree = "<group>";
		};
		E29F72F724719EF8008C7719 /* __tests__ */ = {
			isa = PBXGroup;
			children = (
				E29F72F824719F18008C7719 /* EntityManagerTests.swift */,
				E227B55424735A9400115B09 /* EntityTests.swift */,
			);
			path = __tests__;
			sourceTree = "<group>";
		};
		E29F72FA2471D711008C7719 /* Components */ = {
			isa = PBXGroup;
			children = (
				E29F73022471DFC7008C7719 /* CombatComponent.swift */,
				E29F73002471DB51008C7719 /* EnemyComponent.swift */,
				E29F72FC2471D749008C7719 /* SpriteComponent.swift */,
			);
			path = Components;
			sourceTree = "<group>";
		};
		E29F72FB2471D71F008C7719 /* Entities */ = {
			isa = PBXGroup;
			children = (
				E29F72FE2471D9CA008C7719 /* EntityFactory.swift */,
			);
			path = Entities;
			sourceTree = "<group>";
		};
		E29F73082471FFFC008C7719 /* Systems */ = {
			isa = PBXGroup;
			children = (
				E2E2BDD3246F63E0009DE525 /* CombatSystem.swift */,
				E29F73062471F471008C7719 /* EnemyTurnActionSystem.swift */,
				E227B55A247413F300115B09 /* PlayerTurnActionSystem.swift */,
				E29F72E524709666008C7719 /* TurnTakingSystem.swift */,
			);
			path = Systems;
			sourceTree = "<group>";
		};
		E2B2A1D12457BCE4000ED955 = {
			isa = PBXGroup;
			children = (
				E2B2A1DC2457BCE4000ED955 /* DungeonCrawl */,
				E2B2A1F72457BCE8000ED955 /* DungeonCrawlTests */,
				E2B2A1DB2457BCE4000ED955 /* Products */,
				A25BC3182374275735F59968 /* Pods */,
				B6A2FE3E0B005B08ECBEF7ED /* Frameworks */,
			);
			sourceTree = "<group>";
		};
		E2B2A1DB2457BCE4000ED955 /* Products */ = {
			isa = PBXGroup;
			children = (
				E2B2A1DA2457BCE4000ED955 /* DungeonCrawl.app */,
				E2B2A1F42457BCE8000ED955 /* DungeonCrawlTests.xctest */,
			);
			name = Products;
			sourceTree = "<group>";
		};
		E2B2A1DC2457BCE4000ED955 /* DungeonCrawl */ = {
			isa = PBXGroup;
			children = (
				E2B2A2172457C140000ED955 /* DungeonGenerator */,
				E25FB14C2461DB45000A90A8 /* DungeonScene */,
				E29F72F624719EC8008C7719 /* EntityComponentSystem */,
				E2E2BDC1246ECB90009DE525 /* GameModel */,
				E225E73D246185EF00F60E45 /* Resources */,
				E2C98AE72463244B005C11AD /* Sprites */,
				E2E4E827246433F200F5EA93 /* Utils */,
				E2B2A1DD2457BCE4000ED955 /* AppDelegate.swift */,
				E2B2A1DF2457BCE4000ED955 /* GameScene.sks */,
				E2B2A1E32457BCE4000ED955 /* GameScene.swift */,
				E2B2A1E52457BCE4000ED955 /* GameViewController.swift */,
				E2B2A1E72457BCE4000ED955 /* Main.storyboard */,
				E2B2A1EA2457BCE8000ED955 /* Assets.xcassets */,
				E2B2A1EC2457BCE8000ED955 /* LaunchScreen.storyboard */,
				E2B2A1EF2457BCE8000ED955 /* Info.plist */,
			);
			path = DungeonCrawl;
			sourceTree = "<group>";
		};
		E2B2A1F72457BCE8000ED955 /* DungeonCrawlTests */ = {
			isa = PBXGroup;
			children = (
				E2B2A1FA2457BCE8000ED955 /* Info.plist */,
			);
			path = DungeonCrawlTests;
			sourceTree = "<group>";
		};
		E2B2A2172457C140000ED955 /* DungeonGenerator */ = {
			isa = PBXGroup;
			children = (
				E2B2A21A2457C186000ED955 /* __tests__ */,
				E292EA2724604C2C002A0F31 /* Models */,
				E2B2A225245920A0000ED955 /* Utils */,
				E292EA292460B1F6002A0F31 /* DeadEndRemover.swift */,
				E2B2A2182457C157000ED955 /* DungeonGenerator.swift */,
				E292EA12245DD3F4002A0F31 /* MazeGenerator.swift */,
				E292EA1E245F04AA002A0F31 /* RegionConnector.swift */,
				E2C8D08D245BC95D005EE3D8 /* RoomGenerator.swift */,
			);
			path = DungeonGenerator;
			sourceTree = "<group>";
		};
		E2B2A21A2457C186000ED955 /* __tests__ */ = {
			isa = PBXGroup;
			children = (
				E292EA2624604BF2002A0F31 /* __utils__ */,
				E292EA2B2460B36A002A0F31 /* DeadEndRemoverTests.swift */,
				E2B2A21B2457C19F000ED955 /* DungeonGeneratorTests.swift */,
				E292EA14245DD6BA002A0F31 /* MazeGeneratorTests.swift */,
				E292EA20245F0525002A0F31 /* RegionConnectorTests.swift */,
				E292EA10245D9737002A0F31 /* RoomGeneratorTests.swift */,
			);
			path = __tests__;
			sourceTree = "<group>";
		};
		E2B2A225245920A0000ED955 /* Utils */ = {
			isa = PBXGroup;
			children = (
				E2B2A226245920C5000ED955 /* AnyRandomNumberGenerator.swift */,
			);
			path = Utils;
			sourceTree = "<group>";
		};
		E2C98AE72463244B005C11AD /* Sprites */ = {
			isa = PBXGroup;
			children = (
				E2AD164324677B03003A9197 /* Animatable.swift */,
				E2980F3324687E16000BA2AC /* EnemySpriteProvider.swift */,
				E2980F3124687CB5000BA2AC /* Ghost.swift */,
				E2C98AE82463247B005C11AD /* PlayerSprite.swift */,
			);
			path = Sprites;
			sourceTree = "<group>";
		};
		E2E2BDC1246ECB90009DE525 /* GameModel */ = {
			isa = PBXGroup;
			children = (
				E2E2BDC2246ECC85009DE525 /* __tests__ */,
				E29F72FA2471D711008C7719 /* Components */,
				E29F72FB2471D71F008C7719 /* Entities */,
				E29F73082471FFFC008C7719 /* Systems */,
				E2E2BDD9247009DB009DE525 /* D20.swift */,
				E2980F2F246867D6000BA2AC /* DungeonDecorations.swift */,
				E2C98AE124631030005C11AD /* DungeonDecorator.swift */,
				E2980F39246D6EF8000BA2AC /* Game.swift */,
				E2980F352468E32E000BA2AC /* LevelProviding.swift */,
				E227B5562473779300115B09 /* Quest.swift */,
			);
			path = GameModel;
			sourceTree = "<group>";
		};
		E2E2BDC2246ECC85009DE525 /* __tests__ */ = {
			isa = PBXGroup;
			children = (
				E2E2BDD5246F64B6009DE525 /* CombatSystemTests.swift */,
				E2C98AE524631052005C11AD /* DungeonDecoratorTests.swift */,
				E29F72E92470A568008C7719 /* EnemyTurnActionSystemTests.swift */,
				E2E2BDC3246ED069009DE525 /* GameTests.swift */,
				E227B55C2474922400115B09 /* PlayerTurnActionSystemTests.swift */,
				E227B55824737B6500115B09 /* QuestTests.swift */,
				E2E2BDD1246F5B72009DE525 /* TurnTakingSystemTests.swift */,
			);
			path = __tests__;
			sourceTree = "<group>";
		};
		E2E4E827246433F200F5EA93 /* Utils */ = {
			isa = PBXGroup;
			children = (
				E29F72ED2470B63C008C7719 /* __tests__ */,
				E2E4E8282464340300F5EA93 /* SKTUtils */,
				E29F72EB2470B636008C7719 /* FixedSizeQueue.swift */,
			);
			path = Utils;
			sourceTree = "<group>";
		};
		E2E4E8282464340300F5EA93 /* SKTUtils */ = {
			isa = PBXGroup;
			children = (
				E2E4E82B2464354800F5EA93 /* __tests__ */,
				E2E4E8292464345100F5EA93 /* CGPoint+Extensions.swift */,
				E2E4E82E246439AA00F5EA93 /* CGVector+Extensions.swift */,
				E216F5CF24670F2E00844BF8 /* CGFloat+Extensions.swift */,
			);
			path = SKTUtils;
			sourceTree = "<group>";
		};
		E2E4E82B2464354800F5EA93 /* __tests__ */ = {
			isa = PBXGroup;
			children = (
				E2E4E82C2464357500F5EA93 /* CGPoint+ExtensionsTests.swift */,
				E2E4E83024643A1A00F5EA93 /* CGVector+ExtensionsTests.swift */,
				E216F5D1246711AD00844BF8 /* CGFloat+ExtensionsTests.swift */,
			);
			path = __tests__;
			sourceTree = "<group>";
		};
/* End PBXGroup section */

/* Begin PBXNativeTarget section */
		E2B2A1D92457BCE4000ED955 /* DungeonCrawl */ = {
			isa = PBXNativeTarget;
			buildConfigurationList = E2B2A2082457BCE8000ED955 /* Build configuration list for PBXNativeTarget "DungeonCrawl" */;
			buildPhases = (
				BC486AA3D7640A58A8FCB582 /* [CP] Check Pods Manifest.lock */,
				E2B2A1D62457BCE4000ED955 /* Sources */,
				E2B2A1D72457BCE4000ED955 /* Frameworks */,
				E2B2A1D82457BCE4000ED955 /* Resources */,
				E2B6D4C924610066004FA0F7 /* Lint */,
			);
			buildRules = (
			);
			dependencies = (
			);
			name = DungeonCrawl;
			productName = DungeonCrawl;
			productReference = E2B2A1DA2457BCE4000ED955 /* DungeonCrawl.app */;
			productType = "com.apple.product-type.application";
		};
		E2B2A1F32457BCE8000ED955 /* DungeonCrawlTests */ = {
			isa = PBXNativeTarget;
			buildConfigurationList = E2B2A20B2457BCE8000ED955 /* Build configuration list for PBXNativeTarget "DungeonCrawlTests" */;
			buildPhases = (
				A991193C09CC9455A08FD8EE /* [CP] Check Pods Manifest.lock */,
				E2B2A1F02457BCE8000ED955 /* Sources */,
				E2B2A1F12457BCE8000ED955 /* Frameworks */,
				E2B2A1F22457BCE8000ED955 /* Resources */,
			);
			buildRules = (
			);
			dependencies = (
				E2B2A1F62457BCE8000ED955 /* PBXTargetDependency */,
			);
			name = DungeonCrawlTests;
			productName = DungeonCrawlTests;
			productReference = E2B2A1F42457BCE8000ED955 /* DungeonCrawlTests.xctest */;
			productType = "com.apple.product-type.bundle.unit-test";
		};
/* End PBXNativeTarget section */

/* Begin PBXProject section */
		E2B2A1D22457BCE4000ED955 /* Project object */ = {
			isa = PBXProject;
			attributes = {
				LastSwiftUpdateCheck = 1130;
				LastUpgradeCheck = 1130;
				ORGANIZATIONNAME = "Thomas H Aylesworth";
				TargetAttributes = {
					E2B2A1D92457BCE4000ED955 = {
						CreatedOnToolsVersion = 11.3.1;
					};
					E2B2A1F32457BCE8000ED955 = {
						CreatedOnToolsVersion = 11.3.1;
						TestTargetID = E2B2A1D92457BCE4000ED955;
					};
				};
			};
			buildConfigurationList = E2B2A1D52457BCE4000ED955 /* Build configuration list for PBXProject "DungeonCrawl" */;
			compatibilityVersion = "Xcode 9.3";
			developmentRegion = en;
			hasScannedForEncodings = 0;
			knownRegions = (
				en,
				Base,
			);
			mainGroup = E2B2A1D12457BCE4000ED955;
			productRefGroup = E2B2A1DB2457BCE4000ED955 /* Products */;
			projectDirPath = "";
			projectRoot = "";
			targets = (
				E2B2A1D92457BCE4000ED955 /* DungeonCrawl */,
				E2B2A1F32457BCE8000ED955 /* DungeonCrawlTests */,
			);
		};
/* End PBXProject section */

/* Begin PBXResourcesBuildPhase section */
		E2B2A1D82457BCE4000ED955 /* Resources */ = {
			isa = PBXResourcesBuildPhase;
			buildActionMask = 2147483647;
			files = (
				E225E7402461862E00F60E45 /* DungeonTileSet.sks in Resources */,
				E2B2A1E92457BCE4000ED955 /* Main.storyboard in Resources */,
				E2B2A1E02457BCE4000ED955 /* GameScene.sks in Resources */,
				E2B2A1EB2457BCE8000ED955 /* Assets.xcassets in Resources */,
				E225E7412461862E00F60E45 /* Assets.xcassets in Resources */,
				E25FB14E2461DD49000A90A8 /* DungeonScene.sks in Resources */,
				E2B2A1EE2457BCE8000ED955 /* LaunchScreen.storyboard in Resources */,
			);
			runOnlyForDeploymentPostprocessing = 0;
		};
		E2B2A1F22457BCE8000ED955 /* Resources */ = {
			isa = PBXResourcesBuildPhase;
			buildActionMask = 2147483647;
			files = (
				E25FB15924621DEB000A90A8 /* Assets.xcassets in Resources */,
			);
			runOnlyForDeploymentPostprocessing = 0;
		};
/* End PBXResourcesBuildPhase section */

/* Begin PBXShellScriptBuildPhase section */
		A991193C09CC9455A08FD8EE /* [CP] Check Pods Manifest.lock */ = {
			isa = PBXShellScriptBuildPhase;
			buildActionMask = 2147483647;
			files = (
			);
			inputFileListPaths = (
			);
			inputPaths = (
				"${PODS_PODFILE_DIR_PATH}/Podfile.lock",
				"${PODS_ROOT}/Manifest.lock",
			);
			name = "[CP] Check Pods Manifest.lock";
			outputFileListPaths = (
			);
			outputPaths = (
				"$(DERIVED_FILE_DIR)/Pods-DungeonCrawlTests-checkManifestLockResult.txt",
			);
			runOnlyForDeploymentPostprocessing = 0;
			shellPath = /bin/sh;
			shellScript = "diff \"${PODS_PODFILE_DIR_PATH}/Podfile.lock\" \"${PODS_ROOT}/Manifest.lock\" > /dev/null\nif [ $? != 0 ] ; then\n    # print error to STDERR\n    echo \"error: The sandbox is not in sync with the Podfile.lock. Run 'pod install' or update your CocoaPods installation.\" >&2\n    exit 1\nfi\n# This output is used by Xcode 'outputs' to avoid re-running this script phase.\necho \"SUCCESS\" > \"${SCRIPT_OUTPUT_FILE_0}\"\n";
			showEnvVarsInLog = 0;
		};
		BC486AA3D7640A58A8FCB582 /* [CP] Check Pods Manifest.lock */ = {
			isa = PBXShellScriptBuildPhase;
			buildActionMask = 2147483647;
			files = (
			);
			inputFileListPaths = (
			);
			inputPaths = (
				"${PODS_PODFILE_DIR_PATH}/Podfile.lock",
				"${PODS_ROOT}/Manifest.lock",
			);
			name = "[CP] Check Pods Manifest.lock";
			outputFileListPaths = (
			);
			outputPaths = (
				"$(DERIVED_FILE_DIR)/Pods-DungeonCrawl-checkManifestLockResult.txt",
			);
			runOnlyForDeploymentPostprocessing = 0;
			shellPath = /bin/sh;
			shellScript = "diff \"${PODS_PODFILE_DIR_PATH}/Podfile.lock\" \"${PODS_ROOT}/Manifest.lock\" > /dev/null\nif [ $? != 0 ] ; then\n    # print error to STDERR\n    echo \"error: The sandbox is not in sync with the Podfile.lock. Run 'pod install' or update your CocoaPods installation.\" >&2\n    exit 1\nfi\n# This output is used by Xcode 'outputs' to avoid re-running this script phase.\necho \"SUCCESS\" > \"${SCRIPT_OUTPUT_FILE_0}\"\n";
			showEnvVarsInLog = 0;
		};
		E2B6D4C924610066004FA0F7 /* Lint */ = {
			isa = PBXShellScriptBuildPhase;
			buildActionMask = 2147483647;
			files = (
			);
			inputFileListPaths = (
			);
			inputPaths = (
			);
			name = Lint;
			outputFileListPaths = (
			);
			outputPaths = (
			);
			runOnlyForDeploymentPostprocessing = 0;
			shellPath = /bin/sh;
			shellScript = "\"${PODS_ROOT}/SwiftLint/swiftlint\"\n";
		};
/* End PBXShellScriptBuildPhase section */

/* Begin PBXSourcesBuildPhase section */
		E2B2A1D62457BCE4000ED955 /* Sources */ = {
			isa = PBXSourcesBuildPhase;
			buildActionMask = 2147483647;
			files = (
				E2B2A2192457C157000ED955 /* DungeonGenerator.swift in Sources */,
				E2E4E82F246439AA00F5EA93 /* CGVector+Extensions.swift in Sources */,
				E2E2BDD4246F63E0009DE525 /* CombatSystem.swift in Sources */,
				E29F72FF2471D9CA008C7719 /* EntityFactory.swift in Sources */,
				E2B2A1E42457BCE4000ED955 /* GameScene.swift in Sources */,
				E25FB1502461DE0B000A90A8 /* DungeonScene.swift in Sources */,
				E2B2A227245920C5000ED955 /* AnyRandomNumberGenerator.swift in Sources */,
				E216F5CE2466CAFC00844BF8 /* DungeonCamera.swift in Sources */,
				E2B2A1E62457BCE4000ED955 /* GameViewController.swift in Sources */,
				E292EA2A2460B1F6002A0F31 /* DeadEndRemover.swift in Sources */,
				E227B5572473779300115B09 /* Quest.swift in Sources */,
				E2C98AE42463103D005C11AD /* DungeonDecorator.swift in Sources */,
				E2E2BDDA247009DB009DE525 /* D20.swift in Sources */,
				E2980F362468E32E000BA2AC /* LevelProviding.swift in Sources */,
				E292EA13245DD3F4002A0F31 /* MazeGenerator.swift in Sources */,
				E2E2BDCE246F4D8B009DE525 /* DungeonScene+Touch.swift in Sources */,
				E2C98AE92463247B005C11AD /* PlayerSprite.swift in Sources */,
				E2C8D08E245BC95D005EE3D8 /* RoomGenerator.swift in Sources */,
				E2B2A2202457CBC4000ED955 /* Tile.swift in Sources */,
				E29F72F524719D2E008C7719 /* Component.swift in Sources */,
				E2B2A22224589E15000ED955 /* GridRect+CoreGraphics.swift in Sources */,
				E2E2BDC6246F47D2009DE525 /* DungeonScene+CreateGame.swift in Sources */,
				E2980F30246867D6000BA2AC /* DungeonDecorations.swift in Sources */,
				E2E2BDCA246F490F009DE525 /* DungeonScene+TakeTurn.swift in Sources */,
				E29F72F124719A23008C7719 /* EntityManager.swift in Sources */,
				E292EA25245F2D1A002A0F31 /* Direction.swift in Sources */,
				E2B2A1DE2457BCE4000ED955 /* AppDelegate.swift in Sources */,
				E292EA19245DF8D5002A0F31 /* DungeonMap.swift in Sources */,
				E2C8D08C245BB295005EE3D8 /* GridMap.swift in Sources */,
				E2980F3424687E16000BA2AC /* EnemySpriteProvider.swift in Sources */,
				E29F730A2472AFB4008C7719 /* System.swift in Sources */,
				E29F72FD2471D749008C7719 /* SpriteComponent.swift in Sources */,
				E216F5D024670F2E00844BF8 /* CGFloat+Extensions.swift in Sources */,
				E2E4E83524661DD400F5EA93 /* DungeonTurnState.swift in Sources */,
				E292EA1F245F04AA002A0F31 /* RegionConnector.swift in Sources */,
				E2980F3224687CB5000BA2AC /* Ghost.swift in Sources */,
				E29F73012471DB51008C7719 /* EnemyComponent.swift in Sources */,
				E2E4E82A2464345100F5EA93 /* CGPoint+Extensions.swift in Sources */,
				E2E2BDCC246F49E5009DE525 /* DungeonScene+Animation.swift in Sources */,
				E29F72E624709666008C7719 /* TurnTakingSystem.swift in Sources */,
				E2AD164424677B03003A9197 /* Animatable.swift in Sources */,
				E29F73032471DFC7008C7719 /* CombatComponent.swift in Sources */,
				E2980F3A246D6EF8000BA2AC /* Game.swift in Sources */,
				E216F5D424671E5600844BF8 /* Direction+GridPoint.swift in Sources */,
				E292EA1D245EF149002A0F31 /* Regions.swift in Sources */,
				E2E2BDC8246F48A9009DE525 /* DungeonScene+DisplayScene.swift in Sources */,
				E29F72F324719C51008C7719 /* Entity.swift in Sources */,
				E29F73072471F471008C7719 /* EnemyTurnActionSystem.swift in Sources */,
				E2B2A21E2457C39E000ED955 /* DungeonModel.swift in Sources */,
				E29F72EC2470B636008C7719 /* FixedSizeQueue.swift in Sources */,
				E227B55B247413F300115B09 /* PlayerTurnActionSystem.swift in Sources */,
			);
			runOnlyForDeploymentPostprocessing = 0;
		};
		E2B2A1F02457BCE8000ED955 /* Sources */ = {
			isa = PBXSourcesBuildPhase;
			buildActionMask = 2147483647;
			files = (
				E292EA15245DD6BA002A0F31 /* MazeGeneratorTests.swift in Sources */,
				E227B55524735A9400115B09 /* EntityTests.swift in Sources */,
				E292EA21245F0525002A0F31 /* RegionConnectorTests.swift in Sources */,
				E216F5D2246711AD00844BF8 /* CGFloat+ExtensionsTests.swift in Sources */,
				E292EA17245DF878002A0F31 /* DungeonMapTests.swift in Sources */,
				E2E2BDD6246F64B6009DE525 /* CombatSystemTests.swift in Sources */,
				E2B2A2292459FE1E000ED955 /* Pathfinder.swift in Sources */,
				E237D00924754F5600914C1D /* GridMap+Description.swift in Sources */,
				E2B2A21C2457C19F000ED955 /* DungeonGeneratorTests.swift in Sources */,
				E292EA11245D9737002A0F31 /* RoomGeneratorTests.swift in Sources */,
				E2E2BDD2246F5B72009DE525 /* TurnTakingSystemTests.swift in Sources */,
				E2E4E83124643A1A00F5EA93 /* CGVector+ExtensionsTests.swift in Sources */,
				E29F72F924719F18008C7719 /* EntityManagerTests.swift in Sources */,
				E227B55D2474922400115B09 /* PlayerTurnActionSystemTests.swift in Sources */,
				E227B55924737B6500115B09 /* QuestTests.swift in Sources */,
				E292EA2C2460B36A002A0F31 /* DeadEndRemoverTests.swift in Sources */,
				E292EA23245F06D8002A0F31 /* GridMap+Equatable.swift in Sources */,
				E216F5D62467214000844BF8 /* DirectionGridPointTests.swift in Sources */,
				E29F72EA2470A568008C7719 /* EnemyTurnActionSystemTests.swift in Sources */,
				E29F72EF2470B650008C7719 /* FixedSizeQueueTests.swift in Sources */,
				E2C98AE624631052005C11AD /* DungeonDecoratorTests.swift in Sources */,
				E2E2BDC4246ED069009DE525 /* GameTests.swift in Sources */,
				E2B2A224245909D1000ED955 /* SeededRandomNumberGenerator.swift in Sources */,
				E2E4E82D2464357500F5EA93 /* CGPoint+ExtensionsTests.swift in Sources */,
			);
			runOnlyForDeploymentPostprocessing = 0;
		};
/* End PBXSourcesBuildPhase section */

/* Begin PBXTargetDependency section */
		E2B2A1F62457BCE8000ED955 /* PBXTargetDependency */ = {
			isa = PBXTargetDependency;
			target = E2B2A1D92457BCE4000ED955 /* DungeonCrawl */;
			targetProxy = E2B2A1F52457BCE8000ED955 /* PBXContainerItemProxy */;
		};
/* End PBXTargetDependency section */

/* Begin PBXVariantGroup section */
		E2B2A1E72457BCE4000ED955 /* Main.storyboard */ = {
			isa = PBXVariantGroup;
			children = (
				E2B2A1E82457BCE4000ED955 /* Base */,
			);
			name = Main.storyboard;
			sourceTree = "<group>";
		};
		E2B2A1EC2457BCE8000ED955 /* LaunchScreen.storyboard */ = {
			isa = PBXVariantGroup;
			children = (
				E2B2A1ED2457BCE8000ED955 /* Base */,
			);
			name = LaunchScreen.storyboard;
			sourceTree = "<group>";
		};
/* End PBXVariantGroup section */

/* Begin XCBuildConfiguration section */
		E2B2A2062457BCE8000ED955 /* Debug */ = {
			isa = XCBuildConfiguration;
			buildSettings = {
				ALWAYS_SEARCH_USER_PATHS = NO;
				CLANG_ANALYZER_NONNULL = YES;
				CLANG_ANALYZER_NUMBER_OBJECT_CONVERSION = YES_AGGRESSIVE;
				CLANG_CXX_LANGUAGE_STANDARD = "gnu++14";
				CLANG_CXX_LIBRARY = "libc++";
				CLANG_ENABLE_MODULES = YES;
				CLANG_ENABLE_OBJC_ARC = YES;
				CLANG_ENABLE_OBJC_WEAK = YES;
				CLANG_WARN_BLOCK_CAPTURE_AUTORELEASING = YES;
				CLANG_WARN_BOOL_CONVERSION = YES;
				CLANG_WARN_COMMA = YES;
				CLANG_WARN_CONSTANT_CONVERSION = YES;
				CLANG_WARN_DEPRECATED_OBJC_IMPLEMENTATIONS = YES;
				CLANG_WARN_DIRECT_OBJC_ISA_USAGE = YES_ERROR;
				CLANG_WARN_DOCUMENTATION_COMMENTS = YES;
				CLANG_WARN_EMPTY_BODY = YES;
				CLANG_WARN_ENUM_CONVERSION = YES;
				CLANG_WARN_INFINITE_RECURSION = YES;
				CLANG_WARN_INT_CONVERSION = YES;
				CLANG_WARN_NON_LITERAL_NULL_CONVERSION = YES;
				CLANG_WARN_OBJC_IMPLICIT_RETAIN_SELF = YES;
				CLANG_WARN_OBJC_LITERAL_CONVERSION = YES;
				CLANG_WARN_OBJC_ROOT_CLASS = YES_ERROR;
				CLANG_WARN_RANGE_LOOP_ANALYSIS = YES;
				CLANG_WARN_STRICT_PROTOTYPES = YES;
				CLANG_WARN_SUSPICIOUS_MOVE = YES;
				CLANG_WARN_UNGUARDED_AVAILABILITY = YES_AGGRESSIVE;
				CLANG_WARN_UNREACHABLE_CODE = YES;
				CLANG_WARN__DUPLICATE_METHOD_MATCH = YES;
				COPY_PHASE_STRIP = NO;
				DEBUG_INFORMATION_FORMAT = dwarf;
				ENABLE_STRICT_OBJC_MSGSEND = YES;
				ENABLE_TESTABILITY = YES;
				GCC_C_LANGUAGE_STANDARD = gnu11;
				GCC_DYNAMIC_NO_PIC = NO;
				GCC_NO_COMMON_BLOCKS = YES;
				GCC_OPTIMIZATION_LEVEL = 0;
				GCC_PREPROCESSOR_DEFINITIONS = (
					"DEBUG=1",
					"$(inherited)",
				);
				GCC_WARN_64_TO_32_BIT_CONVERSION = YES;
				GCC_WARN_ABOUT_RETURN_TYPE = YES_ERROR;
				GCC_WARN_UNDECLARED_SELECTOR = YES;
				GCC_WARN_UNINITIALIZED_AUTOS = YES_AGGRESSIVE;
				GCC_WARN_UNUSED_FUNCTION = YES;
				GCC_WARN_UNUSED_VARIABLE = YES;
				IPHONEOS_DEPLOYMENT_TARGET = 13.2;
				MTL_ENABLE_DEBUG_INFO = INCLUDE_SOURCE;
				MTL_FAST_MATH = YES;
				ONLY_ACTIVE_ARCH = YES;
				SDKROOT = iphoneos;
				SWIFT_ACTIVE_COMPILATION_CONDITIONS = DEBUG;
				SWIFT_OPTIMIZATION_LEVEL = "-Onone";
			};
			name = Debug;
		};
		E2B2A2072457BCE8000ED955 /* Release */ = {
			isa = XCBuildConfiguration;
			buildSettings = {
				ALWAYS_SEARCH_USER_PATHS = NO;
				CLANG_ANALYZER_NONNULL = YES;
				CLANG_ANALYZER_NUMBER_OBJECT_CONVERSION = YES_AGGRESSIVE;
				CLANG_CXX_LANGUAGE_STANDARD = "gnu++14";
				CLANG_CXX_LIBRARY = "libc++";
				CLANG_ENABLE_MODULES = YES;
				CLANG_ENABLE_OBJC_ARC = YES;
				CLANG_ENABLE_OBJC_WEAK = YES;
				CLANG_WARN_BLOCK_CAPTURE_AUTORELEASING = YES;
				CLANG_WARN_BOOL_CONVERSION = YES;
				CLANG_WARN_COMMA = YES;
				CLANG_WARN_CONSTANT_CONVERSION = YES;
				CLANG_WARN_DEPRECATED_OBJC_IMPLEMENTATIONS = YES;
				CLANG_WARN_DIRECT_OBJC_ISA_USAGE = YES_ERROR;
				CLANG_WARN_DOCUMENTATION_COMMENTS = YES;
				CLANG_WARN_EMPTY_BODY = YES;
				CLANG_WARN_ENUM_CONVERSION = YES;
				CLANG_WARN_INFINITE_RECURSION = YES;
				CLANG_WARN_INT_CONVERSION = YES;
				CLANG_WARN_NON_LITERAL_NULL_CONVERSION = YES;
				CLANG_WARN_OBJC_IMPLICIT_RETAIN_SELF = YES;
				CLANG_WARN_OBJC_LITERAL_CONVERSION = YES;
				CLANG_WARN_OBJC_ROOT_CLASS = YES_ERROR;
				CLANG_WARN_RANGE_LOOP_ANALYSIS = YES;
				CLANG_WARN_STRICT_PROTOTYPES = YES;
				CLANG_WARN_SUSPICIOUS_MOVE = YES;
				CLANG_WARN_UNGUARDED_AVAILABILITY = YES_AGGRESSIVE;
				CLANG_WARN_UNREACHABLE_CODE = YES;
				CLANG_WARN__DUPLICATE_METHOD_MATCH = YES;
				COPY_PHASE_STRIP = NO;
				DEBUG_INFORMATION_FORMAT = "dwarf-with-dsym";
				ENABLE_NS_ASSERTIONS = NO;
				ENABLE_STRICT_OBJC_MSGSEND = YES;
				GCC_C_LANGUAGE_STANDARD = gnu11;
				GCC_NO_COMMON_BLOCKS = YES;
				GCC_WARN_64_TO_32_BIT_CONVERSION = YES;
				GCC_WARN_ABOUT_RETURN_TYPE = YES_ERROR;
				GCC_WARN_UNDECLARED_SELECTOR = YES;
				GCC_WARN_UNINITIALIZED_AUTOS = YES_AGGRESSIVE;
				GCC_WARN_UNUSED_FUNCTION = YES;
				GCC_WARN_UNUSED_VARIABLE = YES;
				IPHONEOS_DEPLOYMENT_TARGET = 13.2;
				MTL_ENABLE_DEBUG_INFO = NO;
				MTL_FAST_MATH = YES;
				SDKROOT = iphoneos;
				SWIFT_COMPILATION_MODE = wholemodule;
				SWIFT_OPTIMIZATION_LEVEL = "-O";
				VALIDATE_PRODUCT = YES;
			};
			name = Release;
		};
		E2B2A2092457BCE8000ED955 /* Debug */ = {
			isa = XCBuildConfiguration;
			baseConfigurationReference = 88441187D724EF6DE3429F52 /* Pods-DungeonCrawl.debug.xcconfig */;
			buildSettings = {
				ASSETCATALOG_COMPILER_APPICON_NAME = AppIcon;
				CODE_SIGN_STYLE = Automatic;
				DEVELOPMENT_TEAM = AF4K9VYVA5;
				INFOPLIST_FILE = DungeonCrawl/Info.plist;
				LD_RUNPATH_SEARCH_PATHS = (
					"$(inherited)",
					"@executable_path/Frameworks",
				);
				PRODUCT_BUNDLE_IDENTIFIER = com.bayougames.DungeonCrawl;
				PRODUCT_NAME = "$(TARGET_NAME)";
				SWIFT_VERSION = 5.0;
				TARGETED_DEVICE_FAMILY = "1,2";
			};
			name = Debug;
		};
		E2B2A20A2457BCE8000ED955 /* Release */ = {
			isa = XCBuildConfiguration;
			baseConfigurationReference = B167E8A2771D4CD9D27B946B /* Pods-DungeonCrawl.release.xcconfig */;
			buildSettings = {
				ASSETCATALOG_COMPILER_APPICON_NAME = AppIcon;
				CODE_SIGN_STYLE = Automatic;
				DEVELOPMENT_TEAM = AF4K9VYVA5;
				INFOPLIST_FILE = DungeonCrawl/Info.plist;
				LD_RUNPATH_SEARCH_PATHS = (
					"$(inherited)",
					"@executable_path/Frameworks",
				);
				PRODUCT_BUNDLE_IDENTIFIER = com.bayougames.DungeonCrawl;
				PRODUCT_NAME = "$(TARGET_NAME)";
				SWIFT_VERSION = 5.0;
				TARGETED_DEVICE_FAMILY = "1,2";
			};
			name = Release;
		};
		E2B2A20C2457BCE8000ED955 /* Debug */ = {
			isa = XCBuildConfiguration;
			baseConfigurationReference = 92768E9600B71E15C1D571EC /* Pods-DungeonCrawlTests.debug.xcconfig */;
			buildSettings = {
				ALWAYS_EMBED_SWIFT_STANDARD_LIBRARIES = YES;
				BUNDLE_LOADER = "$(TEST_HOST)";
				CODE_SIGN_STYLE = Automatic;
				DEVELOPMENT_TEAM = AF4K9VYVA5;
				INFOPLIST_FILE = DungeonCrawlTests/Info.plist;
				IPHONEOS_DEPLOYMENT_TARGET = 13.2;
				LD_RUNPATH_SEARCH_PATHS = (
					"$(inherited)",
					"@executable_path/Frameworks",
					"@loader_path/Frameworks",
				);
				PRODUCT_BUNDLE_IDENTIFIER = com.bayougames.DungeonCrawlTests;
				PRODUCT_NAME = "$(TARGET_NAME)";
				SWIFT_VERSION = 5.0;
				TARGETED_DEVICE_FAMILY = "1,2";
				TEST_HOST = "$(BUILT_PRODUCTS_DIR)/DungeonCrawl.app/DungeonCrawl";
			};
			name = Debug;
		};
		E2B2A20D2457BCE8000ED955 /* Release */ = {
			isa = XCBuildConfiguration;
			baseConfigurationReference = 935E634EBE517E61572844D5 /* Pods-DungeonCrawlTests.release.xcconfig */;
			buildSettings = {
				ALWAYS_EMBED_SWIFT_STANDARD_LIBRARIES = YES;
				BUNDLE_LOADER = "$(TEST_HOST)";
				CODE_SIGN_STYLE = Automatic;
				DEVELOPMENT_TEAM = AF4K9VYVA5;
				INFOPLIST_FILE = DungeonCrawlTests/Info.plist;
				IPHONEOS_DEPLOYMENT_TARGET = 13.2;
				LD_RUNPATH_SEARCH_PATHS = (
					"$(inherited)",
					"@executable_path/Frameworks",
					"@loader_path/Frameworks",
				);
				PRODUCT_BUNDLE_IDENTIFIER = com.bayougames.DungeonCrawlTests;
				PRODUCT_NAME = "$(TARGET_NAME)";
				SWIFT_VERSION = 5.0;
				TARGETED_DEVICE_FAMILY = "1,2";
				TEST_HOST = "$(BUILT_PRODUCTS_DIR)/DungeonCrawl.app/DungeonCrawl";
			};
			name = Release;
		};
/* End XCBuildConfiguration section */

/* Begin XCConfigurationList section */
		E2B2A1D52457BCE4000ED955 /* Build configuration list for PBXProject "DungeonCrawl" */ = {
			isa = XCConfigurationList;
			buildConfigurations = (
				E2B2A2062457BCE8000ED955 /* Debug */,
				E2B2A2072457BCE8000ED955 /* Release */,
			);
			defaultConfigurationIsVisible = 0;
			defaultConfigurationName = Release;
		};
		E2B2A2082457BCE8000ED955 /* Build configuration list for PBXNativeTarget "DungeonCrawl" */ = {
			isa = XCConfigurationList;
			buildConfigurations = (
				E2B2A2092457BCE8000ED955 /* Debug */,
				E2B2A20A2457BCE8000ED955 /* Release */,
			);
			defaultConfigurationIsVisible = 0;
			defaultConfigurationName = Release;
		};
		E2B2A20B2457BCE8000ED955 /* Build configuration list for PBXNativeTarget "DungeonCrawlTests" */ = {
			isa = XCConfigurationList;
			buildConfigurations = (
				E2B2A20C2457BCE8000ED955 /* Debug */,
				E2B2A20D2457BCE8000ED955 /* Release */,
			);
			defaultConfigurationIsVisible = 0;
			defaultConfigurationName = Release;
		};
/* End XCConfigurationList section */
	};
	rootObject = E2B2A1D22457BCE4000ED955 /* Project object */;
}
